
Microsoft Visual Studio Solution File, Format Version 12.00
# Visual Studio Version 16
VisualStudioVersion = 16.0.31321.278
MinimumVisualStudioVersion = 10.0.40219.1
Project("{FAE04EC0-301F-11D3-BF4B-00C04F79EFBC}") = "Puzzle.Core", "Puzzle.Core\Puzzle.Core.csproj", "{F6B74D43-955A-4E79-BB92-92359D653CFE}"
EndProject
Project("{FAE04EC0-301F-11D3-BF4B-00C04F79EFBC}") = "Puzzle.Console", "Puzzle.Console\Puzzle.Console.csproj", "{217D541C-53D2-4AA9-875B-D0A397276A4C}"
EndProject
Global
	GlobalSection(SolutionConfigurationPlatforms) = preSolution
		Debug|Any CPU = Debug|Any CPU
		Release|Any CPU = Release|Any CPU
	EndGlobalSection
	GlobalSection(ProjectConfigurationPlatforms) = postSolution
		{F6B74D43-955A-4E79-BB92-92359D653CFE}.Debug|Any CPU.ActiveCfg = Debug|Any CPU
		{F6B74D43-955A-4E79-BB92-92359D653CFE}.Debug|Any CPU.Build.0 = Debug|Any CPU
		{F6B74D43-955A-4E79-BB92-92359D653CFE}.Release|Any CPU.ActiveCfg = Release|Any CPU
		{F6B74D43-955A-4E79-BB92-92359D653CFE}.Release|Any CPU.Build.0 = Release|Any CPU
		{217D541C-53D2-4AA9-875B-D0A397276A4C}.Debug|Any CPU.ActiveCfg = Debug|Any CPU
		{217D541C-53D2-4AA9-875B-D0A397276A4C}.Debug|Any CPU.Build.0 = Debug|Any CPU
		{217D541C-53D2-4AA9-875B-D0A397276A4C}.Release|Any CPU.ActiveCfg = Release|Any CPU
		{217D541C-53D2-4AA9-875B-D0A397276A4C}.Release|Any CPU.Build.0 = Release|Any CPU
	EndGlobalSection
	GlobalSection(SolutionProperties) = preSolution
		HideSolutionNode = FALSE
	EndGlobalSection
	GlobalSection(ExtensibilityGlobals) = postSolution
		SolutionGuid = {E61E04DD-E950-4B3D-ABFA-7AD3D191D642}
	EndGlobalSection
EndGlobal
